{
  "name": "@js-playground/es6-generators",
  "version": "1.0.0",
  "lockfileVersion": 1,
  "requires": true,
  "dependencies": {
    "log-node-version": {
      "version": "1.0.2",
      "resolved": "https://registry.npmjs.org/log-node-version/-/log-node-version-1.0.2.tgz",
      "integrity": "sha512-//8hUQ/1hDvFEpq8IMXpC7BuUojRMWAJKolN21i4m6Sv/9waLFqf9b3hPD+g0kCWQJRq+BGFmkXoDCe6Uxx6AQ=="
    },
    "random-number": {
      "version": "0.0.9",
      "resolved": "https://registry.npmjs.org/random-number/-/random-number-0.0.9.tgz",
      "integrity": "sha512-ipG3kRCREi/YQpi2A5QGcvDz1KemohovWmH6qGfboVyyGdR2t/7zQz0vFxrfxpbHQgPPdtVlUDaks3aikD1Ljw=="
    }
  }
}
