{
  "name": "01-stamps-basics",
  "requires": true,
  "lockfileVersion": 1,
  "dependencies": {
    "stampit": {
      "version": "3.2.1",
      "resolved": "https://registry.npmjs.org/stampit/-/stampit-3.2.1.tgz",
      "integrity": "sha1-lTpBpJRYoLKG/7HjydbOcDblids=",
      "dev": true
    }
  }
}
